// !$*UTF8*$!
{
	archiveVersion = 1;
	classes = {
	};
	objectVersion = 46;
	objects = {

/* Begin PBXBuildFile section */
		C009B6ED1C6E3BE00021F112 /* AppDelegate.swift in Sources */ = {isa = PBXBuildFile; fileRef = C009B6EC1C6E3BE00021F112 /* AppDelegate.swift */; };
		C009B6F21C6E3BE00021F112 /* Main.storyboard in Resources */ = {isa = PBXBuildFile; fileRef = C009B6F01C6E3BE00021F112 /* Main.storyboard */; };
		C009B6F41C6E3BE00021F112 /* Assets.xcassets in Resources */ = {isa = PBXBuildFile; fileRef = C009B6F31C6E3BE00021F112 /* Assets.xcassets */; };
		C009B6F71C6E3BE00021F112 /* LaunchScreen.storyboard in Resources */ = {isa = PBXBuildFile; fileRef = C009B6F51C6E3BE00021F112 /* LaunchScreen.storyboard */; };
		C009B7021C6E3BE00021F112 /* LibraryTests.swift in Sources */ = {isa = PBXBuildFile; fileRef = C009B7011C6E3BE00021F112 /* LibraryTests.swift */; };
		C009B70D1C6E3BE00021F112 /* LibraryUITests.swift in Sources */ = {isa = PBXBuildFile; fileRef = C009B70C1C6E3BE00021F112 /* LibraryUITests.swift */; };
		C009B71B1C6E3CC30021F112 /* Resources in Resources */ = {isa = PBXBuildFile; fileRef = C009B71A1C6E3CC30021F112 /* Resources */; };
		C009B7201C6E3E660021F112 /* AuthorsViewController.swift in Sources */ = {isa = PBXBuildFile; fileRef = C009B71F1C6E3E660021F112 /* AuthorsViewController.swift */; };
		C009B7261C6E43FC0021F112 /* BooksTableViewController.swift in Sources */ = {isa = PBXBuildFile; fileRef = C009B7251C6E43FC0021F112 /* BooksTableViewController.swift */; };
/* End PBXBuildFile section */

/* Begin PBXContainerItemProxy section */
		C009B6FE1C6E3BE00021F112 /* PBXContainerItemProxy */ = {
			isa = PBXContainerItemProxy;
			containerPortal = C009B6E11C6E3BE00021F112 /* Project object */;
			proxyType = 1;
			remoteGlobalIDString = C009B6E81C6E3BE00021F112;
			remoteInfo = Library;
		};
		C009B7091C6E3BE00021F112 /* PBXContainerItemProxy */ = {
			isa = PBXContainerItemProxy;
			containerPortal = C009B6E11C6E3BE00021F112 /* Project object */;
			proxyType = 1;
			remoteGlobalIDString = C009B6E81C6E3BE00021F112;
			remoteInfo = Library;
		};
/* End PBXContainerItemProxy section */

/* Begin PBXFileReference section */
		C009B6E91C6E3BE00021F112 /* Library.app */ = {isa = PBXFileReference; explicitFileType = wrapper.application; includeInIndex = 0; path = Library.app; sourceTree = BUILT_PRODUCTS_DIR; };
		C009B6EC1C6E3BE00021F112 /* AppDelegate.swift */ = {isa = PBXFileReference; lastKnownFileType = sourcecode.swift; path = AppDelegate.swift; sourceTree = "<group>"; };
		C009B6F11C6E3BE00021F112 /* Base */ = {isa = PBXFileReference; lastKnownFileType = file.storyboard; name = Base; path = Base.lproj/Main.storyboard; sourceTree = "<group>"; };
		C009B6F31C6E3BE00021F112 /* Assets.xcassets */ = {isa = PBXFileReference; lastKnownFileType = folder.assetcatalog; path = Assets.xcassets; sourceTree = "<group>"; };
		C009B6F61C6E3BE00021F112 /* Base */ = {isa = PBXFileReference; lastKnownFileType = file.storyboard; name = Base; path = Base.lproj/LaunchScreen.storyboard; sourceTree = "<group>"; };
		C009B6F81C6E3BE00021F112 /* Info.plist */ = {isa = PBXFileReference; lastKnownFileType = text.plist.xml; path = Info.plist; sourceTree = "<group>"; };
		C009B6FD1C6E3BE00021F112 /* LibraryTests.xctest */ = {isa = PBXFileReference; explicitFileType = wrapper.cfbundle; includeInIndex = 0; path = LibraryTests.xctest; sourceTree = BUILT_PRODUCTS_DIR; };
		C009B7011C6E3BE00021F112 /* LibraryTests.swift */ = {isa = PBXFileReference; lastKnownFileType = sourcecode.swift; path = LibraryTests.swift; sourceTree = "<group>"; };
		C009B7031C6E3BE00021F112 /* Info.plist */ = {isa = PBXFileReference; lastKnownFileType = text.plist.xml; path = Info.plist; sourceTree = "<group>"; };
		C009B7081C6E3BE00021F112 /* LibraryUITests.xctest */ = {isa = PBXFileReference; explicitFileType = wrapper.cfbundle; includeInIndex = 0; path = LibraryUITests.xctest; sourceTree = BUILT_PRODUCTS_DIR; };
		C009B70C1C6E3BE00021F112 /* LibraryUITests.swift */ = {isa = PBXFileReference; lastKnownFileType = sourcecode.swift; path = LibraryUITests.swift; sourceTree = "<group>"; };
		C009B70E1C6E3BE00021F112 /* Info.plist */ = {isa = PBXFileReference; lastKnownFileType = text.plist.xml; path = Info.plist; sourceTree = "<group>"; };
		C009B71A1C6E3CC30021F112 /* Resources */ = {isa = PBXFileReference; lastKnownFileType = folder; path = Resources; sourceTree = "<group>"; };
		C009B71F1C6E3E660021F112 /* AuthorsViewController.swift */ = {isa = PBXFileReference; fileEncoding = 4; lastKnownFileType = sourcecode.swift; name = AuthorsViewController.swift; path = "View Controllers/AuthorsViewController.swift"; sourceTree = "<group>"; };
		C009B7251C6E43FC0021F112 /* BooksTableViewController.swift */ = {isa = PBXFileReference; fileEncoding = 4; lastKnownFileType = sourcecode.swift; name = BooksTableViewController.swift; path = "View Controllers/BooksTableViewController.swift"; sourceTree = "<group>"; };
/* End PBXFileReference section */

/* Begin PBXFrameworksBuildPhase section */
		C009B6E61C6E3BE00021F112 /* Frameworks */ = {
			isa = PBXFrameworksBuildPhase;
			buildActionMask = 2147483647;
			files = (
			);
			runOnlyForDeploymentPostprocessing = 0;
		};
		C009B6FA1C6E3BE00021F112 /* Frameworks */ = {
			isa = PBXFrameworksBuildPhase;
			buildActionMask = 2147483647;
			files = (
			);
			runOnlyForDeploymentPostprocessing = 0;
		};
		C009B7051C6E3BE00021F112 /* Frameworks */ = {
			isa = PBXFrameworksBuildPhase;
			buildActionMask = 2147483647;
			files = (
			);
			runOnlyForDeploymentPostprocessing = 0;
		};
/* End PBXFrameworksBuildPhase section */

/* Begin PBXGroup section */
		C009B6E01C6E3BE00021F112 = {
			isa = PBXGroup;
			children = (
				C009B6EB1C6E3BE00021F112 /* Library */,
				C009B7001C6E3BE00021F112 /* LibraryTests */,
				C009B70B1C6E3BE00021F112 /* LibraryUITests */,
				C009B6EA1C6E3BE00021F112 /* Products */,
			);
			sourceTree = "<group>";
		};
		C009B6EA1C6E3BE00021F112 /* Products */ = {
			isa = PBXGroup;
			children = (
				C009B6E91C6E3BE00021F112 /* Library.app */,
				C009B6FD1C6E3BE00021F112 /* LibraryTests.xctest */,
				C009B7081C6E3BE00021F112 /* LibraryUITests.xctest */,
			);
			name = Products;
			sourceTree = "<group>";
		};
		C009B6EB1C6E3BE00021F112 /* Library */ = {
			isa = PBXGroup;
			children = (
				C009B71E1C6E3DEC0021F112 /* View Controllers */,
				C009B6EC1C6E3BE00021F112 /* AppDelegate.swift */,
				C009B6F01C6E3BE00021F112 /* Main.storyboard */,
				C009B6F31C6E3BE00021F112 /* Assets.xcassets */,
				C009B6F51C6E3BE00021F112 /* LaunchScreen.storyboard */,
				C009B6F81C6E3BE00021F112 /* Info.plist */,
				C009B71A1C6E3CC30021F112 /* Resources */,
			);
			path = Library;
			sourceTree = "<group>";
		};
		C009B7001C6E3BE00021F112 /* LibraryTests */ = {
			isa = PBXGroup;
			children = (
				C009B7011C6E3BE00021F112 /* LibraryTests.swift */,
				C009B7031C6E3BE00021F112 /* Info.plist */,
			);
			path = LibraryTests;
			sourceTree = "<group>";
		};
		C009B70B1C6E3BE00021F112 /* LibraryUITests */ = {
			isa = PBXGroup;
			children = (
				C009B70C1C6E3BE00021F112 /* LibraryUITests.swift */,
				C009B70E1C6E3BE00021F112 /* Info.plist */,
			);
			path = LibraryUITests;
			sourceTree = "<group>";
		};
		C009B71E1C6E3DEC0021F112 /* View Controllers */ = {
			isa = PBXGroup;
			children = (
				C009B71F1C6E3E660021F112 /* AuthorsViewController.swift */,
				C009B7251C6E43FC0021F112 /* BooksTableViewController.swift */,
			);
			name = "View Controllers";
			sourceTree = "<group>";
		};
/* End PBXGroup section */

/* Begin PBXNativeTarget section */
		C009B6E81C6E3BE00021F112 /* Library */ = {
			isa = PBXNativeTarget;
			buildConfigurationList = C009B7111C6E3BE00021F112 /* Build configuration list for PBXNativeTarget "Library" */;
			buildPhases = (
				C009B6E51C6E3BE00021F112 /* Sources */,
				C009B6E61C6E3BE00021F112 /* Frameworks */,
				C009B6E71C6E3BE00021F112 /* Resources */,
			);
			buildRules = (
			);
			dependencies = (
			);
			name = Library;
			productName = Library;
			productReference = C009B6E91C6E3BE00021F112 /* Library.app */;
			productType = "com.apple.product-type.application";
		};
		C009B6FC1C6E3BE00021F112 /* LibraryTests */ = {
			isa = PBXNativeTarget;
			buildConfigurationList = C009B7141C6E3BE00021F112 /* Build configuration list for PBXNativeTarget "LibraryTests" */;
			buildPhases = (
				C009B6F91C6E3BE00021F112 /* Sources */,
				C009B6FA1C6E3BE00021F112 /* Frameworks */,
				C009B6FB1C6E3BE00021F112 /* Resources */,
			);
			buildRules = (
			);
			dependencies = (
				C009B6FF1C6E3BE00021F112 /* PBXTargetDependency */,
			);
			name = LibraryTests;
			productName = LibraryTests;
			productReference = C009B6FD1C6E3BE00021F112 /* LibraryTests.xctest */;
			productType = "com.apple.product-type.bundle.unit-test";
		};
		C009B7071C6E3BE00021F112 /* LibraryUITests */ = {
			isa = PBXNativeTarget;
			buildConfigurationList = C009B7171C6E3BE00021F112 /* Build configuration list for PBXNativeTarget "LibraryUITests" */;
			buildPhases = (
				C009B7041C6E3BE00021F112 /* Sources */,
				C009B7051C6E3BE00021F112 /* Frameworks */,
				C009B7061C6E3BE00021F112 /* Resources */,
			);
			buildRules = (
			);
			dependencies = (
				C009B70A1C6E3BE00021F112 /* PBXTargetDependency */,
			);
			name = LibraryUITests;
			productName = LibraryUITests;
			productReference = C009B7081C6E3BE00021F112 /* LibraryUITests.xctest */;
			productType = "com.apple.product-type.bundle.ui-testing";
		};
/* End PBXNativeTarget section */

/* Begin PBXProject section */
		C009B6E11C6E3BE00021F112 /* Project object */ = {
			isa = PBXProject;
			attributes = {
				LastSwiftUpdateCheck = 0720;
				LastUpgradeCheck = 0720;
				ORGANIZATIONNAME = INTK;
				TargetAttributes = {
					C009B6E81C6E3BE00021F112 = {
						CreatedOnToolsVersion = 7.2;
						DevelopmentTeam = 5RDXY36V84;
					};
					C009B6FC1C6E3BE00021F112 = {
						CreatedOnToolsVersion = 7.2;
						DevelopmentTeam = 5RDXY36V84;
						TestTargetID = C009B6E81C6E3BE00021F112;
					};
					C009B7071C6E3BE00021F112 = {
						CreatedOnToolsVersion = 7.2;
						DevelopmentTeam = 5RDXY36V84;
						TestTargetID = C009B6E81C6E3BE00021F112;
					};
				};
			};
			buildConfigurationList = C009B6E41C6E3BE00021F112 /* Build configuration list for PBXProject "Library" */;
			compatibilityVersion = "Xcode 3.2";
			developmentRegion = English;
			hasScannedForEncodings = 0;
			knownRegions = (
				en,
				Base,
			);
			mainGroup = C009B6E01C6E3BE00021F112;
			productRefGroup = C009B6EA1C6E3BE00021F112 /* Products */;
			projectDirPath = "";
			projectRoot = "";
			targets = (
				C009B6E81C6E3BE00021F112 /* Library */,
				C009B6FC1C6E3BE00021F112 /* LibraryTests */,
				C009B7071C6E3BE00021F112 /* LibraryUITests */,
			);
		};
/* End PBXProject section */

/* Begin PBXResourcesBuildPhase section */
		C009B6E71C6E3BE00021F112 /* Resources */ = {
			isa = PBXResourcesBuildPhase;
			buildActionMask = 2147483647;
			files = (
				C009B71B1C6E3CC30021F112 /* Resources in Resources */,
				C009B6F71C6E3BE00021F112 /* LaunchScreen.storyboard in Resources */,
				C009B6F41C6E3BE00021F112 /* Assets.xcassets in Resources */,
				C009B6F21C6E3BE00021F112 /* Main.storyboard in Resources */,
			);
			runOnlyForDeploymentPostprocessing = 0;
		};
		C009B6FB1C6E3BE00021F112 /* Resources */ = {
			isa = PBXResourcesBuildPhase;
			buildActionMask = 2147483647;
			files = (
			);
			runOnlyForDeploymentPostprocessing = 0;
		};
		C009B7061C6E3BE00021F112 /* Resources */ = {
			isa = PBXResourcesBuildPhase;
			buildActionMask = 2147483647;
			files = (
			);
			runOnlyForDeploymentPostprocessing = 0;
		};
/* End PBXResourcesBuildPhase section */

/* Begin PBXSourcesBuildPhase section */
		C009B6E51C6E3BE00021F112 /* Sources */ = {
			isa = PBXSourcesBuildPhase;
			buildActionMask = 2147483647;
			files = (
				C009B7201C6E3E660021F112 /* AuthorsViewController.swift in Sources */,
				C009B6ED1C6E3BE00021F112 /* AppDelegate.swift in Sources */,
				C009B7261C6E43FC0021F112 /* BooksTableViewController.swift in Sources */,
			);
			runOnlyForDeploymentPostprocessing = 0;
		};
		C009B6F91C6E3BE00021F112 /* Sources */ = {
			isa = PBXSourcesBuildPhase;
			buildActionMask = 2147483647;
			files = (
				C009B7021C6E3BE00021F112 /* LibraryTests.swift in Sources */,
			);
			runOnlyForDeploymentPostprocessing = 0;
		};
		C009B7041C6E3BE00021F112 /* Sources */ = {
			isa = PBXSourcesBuildPhase;
			buildActionMask = 2147483647;
			files = (
				C009B70D1C6E3BE00021F112 /* LibraryUITests.swift in Sources */,
			);
			runOnlyForDeploymentPostprocessing = 0;
		};
/* End PBXSourcesBuildPhase section */

/* Begin PBXTargetDependency section */
		C009B6FF1C6E3BE00021F112 /* PBXTargetDependency */ = {
			isa = PBXTargetDependency;
			target = C009B6E81C6E3BE00021F112 /* Library */;
			targetProxy = C009B6FE1C6E3BE00021F112 /* PBXContainerItemProxy */;
		};
		C009B70A1C6E3BE00021F112 /* PBXTargetDependency */ = {
			isa = PBXTargetDependency;
			target = C009B6E81C6E3BE00021F112 /* Library */;
			targetProxy = C009B7091C6E3BE00021F112 /* PBXContainerItemProxy */;
		};
/* End PBXTargetDependency section */

/* Begin PBXVariantGroup section */
		C009B6F01C6E3BE00021F112 /* Main.storyboard */ = {
			isa = PBXVariantGroup;
			children = (
				C009B6F11C6E3BE00021F112 /* Base */,
			);
			name = Main.storyboard;
			sourceTree = "<group>";
		};
		C009B6F51C6E3BE00021F112 /* LaunchScreen.storyboard */ = {
			isa = PBXVariantGroup;
			children = (
				C009B6F61C6E3BE00021F112 /* Base */,
			);
			name = LaunchScreen.storyboard;
			sourceTree = "<group>";
		};
/* End PBXVariantGroup section */

/* Begin XCBuildConfiguration section */
		C009B70F1C6E3BE00021F112 /* Debug */ = {
			isa = XCBuildConfiguration;
			buildSettings = {
				ALWAYS_SEARCH_USER_PATHS = NO;
				CLANG_CXX_LANGUAGE_STANDARD = "gnu++0x";
				CLANG_CXX_LIBRARY = "libc++";
				CLANG_ENABLE_MODULES = YES;
				CLANG_ENABLE_OBJC_ARC = YES;
				CLANG_WARN_BOOL_CONVERSION = YES;
				CLANG_WARN_CONSTANT_CONVERSION = YES;
				CLANG_WARN_DIRECT_OBJC_ISA_USAGE = YES_ERROR;
				CLANG_WARN_EMPTY_BODY = YES;
				CLANG_WARN_ENUM_CONVERSION = YES;
				CLANG_WARN_INT_CONVERSION = YES;
				CLANG_WARN_OBJC_ROOT_CLASS = YES_ERROR;
				CLANG_WARN_UNREACHABLE_CODE = YES;
				CLANG_WARN__DUPLICATE_METHOD_MATCH = YES;
				"CODE_SIGN_IDENTITY[sdk=iphoneos*]" = "iPhone Developer";
				COPY_PHASE_STRIP = NO;
				DEBUG_INFORMATION_FORMAT = dwarf;
				ENABLE_STRICT_OBJC_MSGSEND = YES;
				ENABLE_TESTABILITY = YES;
				GCC_C_LANGUAGE_STANDARD = gnu99;
				GCC_DYNAMIC_NO_PIC = NO;
				GCC_NO_COMMON_BLOCKS = YES;
				GCC_OPTIMIZATION_LEVEL = 0;
				GCC_PREPROCESSOR_DEFINITIONS = (
					"DEBUG=1",
					"$(inherited)",
				);
				GCC_WARN_64_TO_32_BIT_CONVERSION = YES;
				GCC_WARN_ABOUT_RETURN_TYPE = YES_ERROR;
				GCC_WARN_UNDECLARED_SELECTOR = YES;
				GCC_WARN_UNINITIALIZED_AUTOS = YES_AGGRESSIVE;
				GCC_WARN_UNUSED_FUNCTION = YES;
				GCC_WARN_UNUSED_VARIABLE = YES;
				IPHONEOS_DEPLOYMENT_TARGET = 9.2;
				MTL_ENABLE_DEBUG_INFO = YES;
				ONLY_ACTIVE_ARCH = YES;
				SDKROOT = iphoneos;
				SWIFT_OPTIMIZATION_LEVEL = "-Onone";
				TARGETED_DEVICE_FAMILY = 2;
			};
			name = Debug;
		};
		C009B7101C6E3BE00021F112 /* Release */ = {
			isa = XCBuildConfiguration;
			buildSettings = {
				ALWAYS_SEARCH_USER_PATHS = NO;
				CLANG_CXX_LANGUAGE_STANDARD = "gnu++0x";
				CLANG_CXX_LIBRARY = "libc++";
				CLANG_ENABLE_MODULES = YES;
				CLANG_ENABLE_OBJC_ARC = YES;
				CLANG_WARN_BOOL_CONVERSION = YES;
				CLANG_WARN_CONSTANT_CONVERSION = YES;
				CLANG_WARN_DIRECT_OBJC_ISA_USAGE = YES_ERROR;
				CLANG_WARN_EMPTY_BODY = YES;
				CLANG_WARN_ENUM_CONVERSION = YES;
				CLANG_WARN_INT_CONVERSION = YES;
				CLANG_WARN_OBJC_ROOT_CLASS = YES_ERROR;
				CLANG_WARN_UNREACHABLE_CODE = YES;
				CLANG_WARN__DUPLICATE_METHOD_MATCH = YES;
				"CODE_SIGN_IDENTITY[sdk=iphoneos*]" = "iPhone Developer";
				COPY_PHASE_STRIP = NO;
				DEBUG_INFORMATION_FORMAT = "dwarf-with-dsym";
				ENABLE_NS_ASSERTIONS = NO;
				ENABLE_STRICT_OBJC_MSGSEND = YES;
				GCC_C_LANGUAGE_STANDARD = gnu99;
				GCC_NO_COMMON_BLOCKS = YES;
				GCC_WARN_64_TO_32_BIT_CONVERSION = YES;
				GCC_WARN_ABOUT_RETURN_TYPE = YES_ERROR;
				GCC_WARN_UNDECLARED_SELECTOR = YES;
				GCC_WARN_UNINITIALIZED_AUTOS = YES_AGGRESSIVE;
				GCC_WARN_UNUSED_FUNCTION = YES;
				GCC_WARN_UNUSED_VARIABLE = YES;
				IPHONEOS_DEPLOYMENT_TARGET = 9.2;
				MTL_ENABLE_DEBUG_INFO = NO;
				SDKROOT = iphoneos;
				TARGETED_DEVICE_FAMILY = 2;
				VALIDATE_PRODUCT = YES;
			};
			name = Release;
		};
		C009B7121C6E3BE00021F112 /* Debug */ = {
			isa = XCBuildConfiguration;
			buildSettings = {
				ASSETCATALOG_COMPILER_APPICON_NAME = AppIcon;
				INFOPLIST_FILE = Library/Info.plist;
				LD_RUNPATH_SEARCH_PATHS = "$(inherited) @executable_path/Frameworks";
				PRODUCT_BUNDLE_IDENTIFIER = INTK.LibraryDemo;
				PRODUCT_NAME = "$(TARGET_NAME)";
			};
			name = Debug;
		};
		C009B7131C6E3BE00021F112 /* Release */ = {
			isa = XCBuildConfiguration;
			buildSettings = {
				ASSETCATALOG_COMPILER_APPICON_NAME = AppIcon;
				INFOPLIST_FILE = Library/Info.plist;
				LD_RUNPATH_SEARCH_PATHS = "$(inherited) @executable_path/Frameworks";
				PRODUCT_BUNDLE_IDENTIFIER = INTK.LibraryDemo;
				PRODUCT_NAME = "$(TARGET_NAME)";
			};
			name = Release;
		};
		C009B7151C6E3BE00021F112 /* Debug */ = {
			isa = XCBuildConfiguration;
			buildSettings = {
				BUNDLE_LOADER = "$(TEST_HOST)";
				INFOPLIST_FILE = LibraryTests/Info.plist;
				LD_RUNPATH_SEARCH_PATHS = "$(inherited) @executable_path/Frameworks @loader_path/Frameworks";
				PRODUCT_BUNDLE_IDENTIFIER = INTK.LibraryTests;
				PRODUCT_NAME = "$(TARGET_NAME)";
				TEST_HOST = "$(BUILT_PRODUCTS_DIR)/Library.app/Library";
			};
			name = Debug;
		};
		C009B7161C6E3BE00021F112 /* Release */ = {
			isa = XCBuildConfiguration;
			buildSettings = {
				BUNDLE_LOADER = "$(TEST_HOST)";
				INFOPLIST_FILE = LibraryTests/Info.plist;
				LD_RUNPATH_SEARCH_PATHS = "$(inherited) @executable_path/Frameworks @loader_path/Frameworks";
				PRODUCT_BUNDLE_IDENTIFIER = INTK.LibraryTests;
				PRODUCT_NAME = "$(TARGET_NAME)";
				TEST_HOST = "$(BUILT_PRODUCTS_DIR)/Library.app/Library";
			};
			name = Release;
		};
		C009B7181C6E3BE00021F112 /* Debug */ = {
			isa = XCBuildConfiguration;
			buildSettings = {
				INFOPLIST_FILE = LibraryUITests/Info.plist;
				LD_RUNPATH_SEARCH_PATHS = "$(inherited) @executable_path/Frameworks @loader_path/Frameworks";
				PRODUCT_BUNDLE_IDENTIFIER = INTK.LibraryUITests;
				PRODUCT_NAME = "$(TARGET_NAME)";
				TEST_TARGET_NAME = Library;
				USES_XCTRUNNER = YES;
			};
			name = Debug;
		};
		C009B7191C6E3BE00021F112 /* Release */ = {
			isa = XCBuildConfiguration;
			buildSettings = {
				INFOPLIST_FILE = LibraryUITests/Info.plist;
				LD_RUNPATH_SEARCH_PATHS = "$(inherited) @executable_path/Frameworks @loader_path/Frameworks";
				PRODUCT_BUNDLE_IDENTIFIER = INTK.LibraryUITests;
				PRODUCT_NAME = "$(TARGET_NAME)";
				TEST_TARGET_NAME = Library;
				USES_XCTRUNNER = YES;
			};
			name = Release;
		};
/* End XCBuildConfiguration section */

/* Begin XCConfigurationList section */
		C009B6E41C6E3BE00021F112 /* Build configuration list for PBXProject "Library" */ = {
			isa = XCConfigurationList;
			buildConfigurations = (
				C009B70F1C6E3BE00021F112 /* Debug */,
				C009B7101C6E3BE00021F112 /* Release */,
			);
			defaultConfigurationIsVisible = 0;
			defaultConfigurationName = Release;
		};
		C009B7111C6E3BE00021F112 /* Build configuration list for PBXNativeTarget "Library" */ = {
			isa = XCConfigurationList;
			buildConfigurations = (
				C009B7121C6E3BE00021F112 /* Debug */,
				C009B7131C6E3BE00021F112 /* Release */,
			);
			defaultConfigurationIsVisible = 0;
		};
		C009B7141C6E3BE00021F112 /* Build configuration list for PBXNativeTarget "LibraryTests" */ = {
			isa = XCConfigurationList;
			buildConfigurations = (
				C009B7151C6E3BE00021F112 /* Debug */,
				C009B7161C6E3BE00021F112 /* Release */,
			);
			defaultConfigurationIsVisible = 0;
		};
		C009B7171C6E3BE00021F112 /* Build configuration list for PBXNativeTarget "LibraryUITests" */ = {
			isa = XCConfigurationList;
			buildConfigurations = (
				C009B7181C6E3BE00021F112 /* Debug */,
				C009B7191C6E3BE00021F112 /* Release */,
			);
			defaultConfigurationIsVisible = 0;
		};
/* End XCConfigurationList section */
	};
	rootObject = C009B6E11C6E3BE00021F112 /* Project object */;
}
